github.com/pelletier/go-toml v1.1.0 h1:cmiOvKzEunMsAxyhXSzpL5Q1CRKpVv0KQsnAIcSEVYM=
github.com/pelletier/go-toml v1.1.0/go.mod h1:5z9KED0ma1S8pY6P1sdut58dfprrGBbd/94hg7ilaic=
golang.org/x/crypto v0.0.0-20180214000028-650f4a345ab4 h1:OfaUle5HH9Y0obNU74mlOZ/Igdtwi3eGOKcljJsTnbw=
golang.org/x/crypto v0.0.0-20180214000028-650f4a345ab4/go.mod h1:6SG95UA2DQfeDnfUPMdvaQW0Q7yPrPDi9nlGo2tz2b4=
